
Microsoft Visual Studio Solution File, Format Version 12.00
# Visual Studio Version 16
VisualStudioVersion = 16.0.29411.138
MinimumVisualStudioVersion = 10.0.40219.1
Project("{FAE04EC0-301F-11D3-BF4B-00C04F79EFBC}") = "DemoDay1", "DemoDay1\DemoDay1.csproj", "{3E79F22C-E34F-424B-9FFF-BC5DC1C4943F}"
EndProject
Project("{FAE04EC0-301F-11D3-BF4B-00C04F79EFBC}") = "DemoDay1.Domain", "ClassLibrary1.Domain\DemoDay1.Domain.csproj", "{90639B01-0DA2-48E1-98F3-DFB67E37482E}"
EndProject
Project("{FAE04EC0-301F-11D3-BF4B-00C04F79EFBC}") = "DemoDay1.Infra", "DemoDay1.Infra\DemoDay1.Infra.csproj", "{DDEC1FD6-AA05-4AAC-996E-5419CC39CA07}"
EndProject
Global
	GlobalSection(SolutionConfigurationPlatforms) = preSolution
		Debug|Any CPU = Debug|Any CPU
		Release|Any CPU = Release|Any CPU
	EndGlobalSection
	GlobalSection(ProjectConfigurationPlatforms) = postSolution
		{3E79F22C-E34F-424B-9FFF-BC5DC1C4943F}.Debug|Any CPU.ActiveCfg = Debug|Any CPU
		{3E79F22C-E34F-424B-9FFF-BC5DC1C4943F}.Debug|Any CPU.Build.0 = Debug|Any CPU
		{3E79F22C-E34F-424B-9FFF-BC5DC1C4943F}.Release|Any CPU.ActiveCfg = Release|Any CPU
		{3E79F22C-E34F-424B-9FFF-BC5DC1C4943F}.Release|Any CPU.Build.0 = Release|Any CPU
		{90639B01-0DA2-48E1-98F3-DFB67E37482E}.Debug|Any CPU.ActiveCfg = Debug|Any CPU
		{90639B01-0DA2-48E1-98F3-DFB67E37482E}.Debug|Any CPU.Build.0 = Debug|Any CPU
		{90639B01-0DA2-48E1-98F3-DFB67E37482E}.Release|Any CPU.ActiveCfg = Release|Any CPU
		{90639B01-0DA2-48E1-98F3-DFB67E37482E}.Release|Any CPU.Build.0 = Release|Any CPU
		{DDEC1FD6-AA05-4AAC-996E-5419CC39CA07}.Debug|Any CPU.ActiveCfg = Debug|Any CPU
		{DDEC1FD6-AA05-4AAC-996E-5419CC39CA07}.Debug|Any CPU.Build.0 = Debug|Any CPU
		{DDEC1FD6-AA05-4AAC-996E-5419CC39CA07}.Release|Any CPU.ActiveCfg = Release|Any CPU
		{DDEC1FD6-AA05-4AAC-996E-5419CC39CA07}.Release|Any CPU.Build.0 = Release|Any CPU
	EndGlobalSection
	GlobalSection(SolutionProperties) = preSolution
		HideSolutionNode = FALSE
	EndGlobalSection
	GlobalSection(ExtensibilityGlobals) = postSolution
		SolutionGuid = {53FCDCBC-941C-4F4E-B0FD-3CADDB3FF384}
	EndGlobalSection
EndGlobal
